// !$*UTF8*$!
{
	archiveVersion = 1;
	classes = {
	};
	objectVersion = 46;
	objects = {

/* Begin PBXBuildFile section */
		10058EDB1CB8447C008B0E97 /* PropertyListViewController.swift in Sources */ = {isa = PBXBuildFile; fileRef = 10058EDA1CB8447C008B0E97 /* PropertyListViewController.swift */; };
		10058EDD1CB8449E008B0E97 /* PropertyListTableViewCell.swift in Sources */ = {isa = PBXBuildFile; fileRef = 10058EDC1CB8449E008B0E97 /* PropertyListTableViewCell.swift */; };
		100797441CB3FDEF008C0492 /* NotificationDetailViewController.swift in Sources */ = {isa = PBXBuildFile; fileRef = 100797431CB3FDEF008C0492 /* NotificationDetailViewController.swift */; };
		102526F11CA080FE00EE2DB0 /* SeeItLaterBuyerViewController.swift in Sources */ = {isa = PBXBuildFile; fileRef = 102526F01CA080FE00EE2DB0 /* SeeItLaterBuyerViewController.swift */; };
		102526F31CA082CD00EE2DB0 /* SeeItLaterBuyerTableViewCell.swift in Sources */ = {isa = PBXBuildFile; fileRef = 102526F21CA082CD00EE2DB0 /* SeeItLaterBuyerTableViewCell.swift */; };
		1040F5441CAC47910011E497 /* PastListingsBuyerViewController.swift in Sources */ = {isa = PBXBuildFile; fileRef = 1040F5431CAC47910011E497 /* PastListingsBuyerViewController.swift */; };
		1040F5461CAC47CB0011E497 /* PastListingBuyerTableViewCell.swift in Sources */ = {isa = PBXBuildFile; fileRef = 1040F5451CAC47CB0011E497 /* PastListingBuyerTableViewCell.swift */; };
		107934BB1CD7AC6700F07A14 /* ImageLoadingWithCache.swift in Sources */ = {isa = PBXBuildFile; fileRef = 107934BA1CD7AC6700F07A14 /* ImageLoadingWithCache.swift */; };
		107934BD1CD7C7D500F07A14 /* MyDownloader.swift in Sources */ = {isa = PBXBuildFile; fileRef = 107934BC1CD7C7D500F07A14 /* MyDownloader.swift */; };
		107A40331C848C1A001C96A8 /* SeeitNowTableViewCell.swift in Sources */ = {isa = PBXBuildFile; fileRef = 107A40321C848C1A001C96A8 /* SeeitNowTableViewCell.swift */; };
		107A40351C84C31A001C96A8 /* PropertyRealtorManager.swift in Sources */ = {isa = PBXBuildFile; fileRef = 107A40341C84C31A001C96A8 /* PropertyRealtorManager.swift */; };
		107DA4781C9328970069FD07 /* OneShotLocationManager.swift in Sources */ = {isa = PBXBuildFile; fileRef = 107DA4771C9328970069FD07 /* OneShotLocationManager.swift */; };
		1084C7621CB6E108004690BC /* CurrentShowingViewController.swift in Sources */ = {isa = PBXBuildFile; fileRef = 1084C7611CB6E108004690BC /* CurrentShowingViewController.swift */; };
		108795971C97069D00B3D6FA /* AppointmentsViewController.swift in Sources */ = {isa = PBXBuildFile; fileRef = 108795961C97069D00B3D6FA /* AppointmentsViewController.swift */; };
		108795991C970A7500B3D6FA /* AppointmentsTableViewCell.swift in Sources */ = {isa = PBXBuildFile; fileRef = 108795981C970A7500B3D6FA /* AppointmentsTableViewCell.swift */; };
		1087959B1C97367A00B3D6FA /* MyListingsRealtorTableViewCell.swift in Sources */ = {isa = PBXBuildFile; fileRef = 1087959A1C97367A00B3D6FA /* MyListingsRealtorTableViewCell.swift */; };
		109E6A481C80A95A00AD46EE /* PropertyManager.swift in Sources */ = {isa = PBXBuildFile; fileRef = 109E6A471C80A95A00AD46EE /* PropertyManager.swift */; };
		109FF84A1C860A1000E20FC2 /* PropertyActionManager.swift in Sources */ = {isa = PBXBuildFile; fileRef = 109FF8491C860A1000E20FC2 /* PropertyActionManager.swift */; };
		109FF84C1C861B1A00E20FC2 /* DatePickerDialog.swift in Sources */ = {isa = PBXBuildFile; fileRef = 109FF84B1C861B1A00E20FC2 /* DatePickerDialog.swift */; };
		10A3AC371CBFF167005AAD85 /* BuyerProfileViewController.swift in Sources */ = {isa = PBXBuildFile; fileRef = 10A3AC361CBFF167005AAD85 /* BuyerProfileViewController.swift */; };
		10B360621CA3267600B73D01 /* BuyerForm5ViewController.swift in Sources */ = {isa = PBXBuildFile; fileRef = 10B360611CA3267600B73D01 /* BuyerForm5ViewController.swift */; };
		10B360641CA9B3A900B73D01 /* FeedBacksViewController.swift in Sources */ = {isa = PBXBuildFile; fileRef = 10B360631CA9B3A900B73D01 /* FeedBacksViewController.swift */; };
		10B360661CA9B45800B73D01 /* FeedBacksTableViewCell.swift in Sources */ = {isa = PBXBuildFile; fileRef = 10B360651CA9B45800B73D01 /* FeedBacksTableViewCell.swift */; };
		10C08F261CBD4F6700956E17 /* ReadyToWorkViewController.swift in Sources */ = {isa = PBXBuildFile; fileRef = 10C08F251CBD4F6700956E17 /* ReadyToWorkViewController.swift */; };
		10E46AEA1CC1535300C5F8D5 /* UIColor.swift in Sources */ = {isa = PBXBuildFile; fileRef = 10E46AE91CC1535300C5F8D5 /* UIColor.swift */; };
		10E46AEB1CC16B0C00C5F8D5 /* SearchViewController.swift in Sources */ = {isa = PBXBuildFile; fileRef = 68794E011C73AF6500937A60 /* SearchViewController.swift */; };
		680842E31C3EB0C700AF7F8E /* AppConfig.swift in Sources */ = {isa = PBXBuildFile; fileRef = 680842E21C3EB0C700AF7F8E /* AppConfig.swift */; };
		680C41B01C6A6BF800194728 /* ListRealtorsViewController.swift in Sources */ = {isa = PBXBuildFile; fileRef = 680C41AF1C6A6BF800194728 /* ListRealtorsViewController.swift */; };
		681140891C3AC2360068AE1C /* ForgotPasswordViewController.swift in Sources */ = {isa = PBXBuildFile; fileRef = 681140881C3AC2360068AE1C /* ForgotPasswordViewController.swift */; };
		6811408B1C3AC3280068AE1C /* SelectRoleViewController.swift in Sources */ = {isa = PBXBuildFile; fileRef = 6811408A1C3AC3280068AE1C /* SelectRoleViewController.swift */; };
		681140951C3AC60D0068AE1C /* BuyerForm1ViewController.swift in Sources */ = {isa = PBXBuildFile; fileRef = 681140941C3AC60D0068AE1C /* BuyerForm1ViewController.swift */; };
		681140971C3AC61F0068AE1C /* BuyerForm2ViewController.swift in Sources */ = {isa = PBXBuildFile; fileRef = 681140961C3AC61F0068AE1C /* BuyerForm2ViewController.swift */; };
		681140991C3AC62F0068AE1C /* BuyerForm3ViewController.swift in Sources */ = {isa = PBXBuildFile; fileRef = 681140981C3AC62F0068AE1C /* BuyerForm3ViewController.swift */; };
		6811409B1C3AC6440068AE1C /* BuyerForm4ViewController.swift in Sources */ = {isa = PBXBuildFile; fileRef = 6811409A1C3AC6440068AE1C /* BuyerForm4ViewController.swift */; };
		6811409F1C3AC6940068AE1C /* RealtorForm3ViewController.swift in Sources */ = {isa = PBXBuildFile; fileRef = 6811409E1C3AC6930068AE1C /* RealtorForm3ViewController.swift */; };
		681140A31C3AC7010068AE1C /* RealtorProfileViewController.swift in Sources */ = {isa = PBXBuildFile; fileRef = 681140A21C3AC7010068AE1C /* RealtorProfileViewController.swift */; };
		681140A51C3AC75C0068AE1C /* ShowingRequestViewController.swift in Sources */ = {isa = PBXBuildFile; fileRef = 681140A41C3AC75C0068AE1C /* ShowingRequestViewController.swift */; };
		681140A71C3AC7950068AE1C /* RealtorDashboardViewController.swift in Sources */ = {isa = PBXBuildFile; fileRef = 681140A61C3AC7950068AE1C /* RealtorDashboardViewController.swift */; };
		681140A91C3AC7C30068AE1C /* MyListingsRealtorViewController.swift in Sources */ = {isa = PBXBuildFile; fileRef = 681140A81C3AC7C30068AE1C /* MyListingsRealtorViewController.swift */; };
		681140AD1C3AC8010068AE1C /* AddBeaconViewController.swift in Sources */ = {isa = PBXBuildFile; fileRef = 681140AC1C3AC8010068AE1C /* AddBeaconViewController.swift */; };
		681140AF1C3AC8360068AE1C /* BeaconStoreViewController.swift in Sources */ = {isa = PBXBuildFile; fileRef = 681140AE1C3AC8360068AE1C /* BeaconStoreViewController.swift */; };
		681140B11C3AC8760068AE1C /* ListingDetailsViewController.swift in Sources */ = {isa = PBXBuildFile; fileRef = 681140B01C3AC8760068AE1C /* ListingDetailsViewController.swift */; };
		68275C0A1C40041F00696FBE /* UserManager.swift in Sources */ = {isa = PBXBuildFile; fileRef = 68275C091C40041F00696FBE /* UserManager.swift */; };
		682EF3551C5287D5007176BF /* RealtorForm2ViewController.swift in Sources */ = {isa = PBXBuildFile; fileRef = 682EF3541C5287D5007176BF /* RealtorForm2ViewController.swift */; };
		682EF3571C528960007176BF /* RealtorForm1ViewController.swift in Sources */ = {isa = PBXBuildFile; fileRef = 682EF3561C528960007176BF /* RealtorForm1ViewController.swift */; };
		683983211C74BCE900129EA5 /* ListRealtorsTableViewCell.swift in Sources */ = {isa = PBXBuildFile; fileRef = 683983201C74BCE900129EA5 /* ListRealtorsTableViewCell.swift */; };
		683F7F211C3D62FA00CA0A0C /* AgentConfirmationViewController.swift in Sources */ = {isa = PBXBuildFile; fileRef = 683F7F201C3D62FA00CA0A0C /* AgentConfirmationViewController.swift */; };
		683F7F231C3D7CB500CA0A0C /* CongratulationsViewController.swift in Sources */ = {isa = PBXBuildFile; fileRef = 683F7F221C3D7CB500CA0A0C /* CongratulationsViewController.swift */; };
		683F7F251C3D7D3C00CA0A0C /* FeedBack1ViewController.swift in Sources */ = {isa = PBXBuildFile; fileRef = 683F7F241C3D7D3C00CA0A0C /* FeedBack1ViewController.swift */; };
		683F7F271C3D7E4700CA0A0C /* FeedBack2ViewController.swift in Sources */ = {isa = PBXBuildFile; fileRef = 683F7F261C3D7E4700CA0A0C /* FeedBack2ViewController.swift */; };
		683F7F291C3D7EC100CA0A0C /* FeedBack3ViewController.swift in Sources */ = {isa = PBXBuildFile; fileRef = 683F7F281C3D7EC100CA0A0C /* FeedBack3ViewController.swift */; };
		684D08451C6534B900BF086E /* BaseViewController.swift in Sources */ = {isa = PBXBuildFile; fileRef = 684D08401C6534B900BF086E /* BaseViewController.swift */; };
		684D08461C6534B900BF086E /* TableViewMenuController.swift in Sources */ = {isa = PBXBuildFile; fileRef = 684D08411C6534B900BF086E /* TableViewMenuController.swift */; };
		684D08471C6534B900BF086E /* ChildViewController.swift in Sources */ = {isa = PBXBuildFile; fileRef = 684D08421C6534B900BF086E /* ChildViewController.swift */; };
		684D08481C6534B900BF086E /* MenuTableViewCell.swift in Sources */ = {isa = PBXBuildFile; fileRef = 684D08431C6534B900BF086E /* MenuTableViewCell.swift */; };
		684D08491C6534B900BF086E /* ZFRippleButton.swift in Sources */ = {isa = PBXBuildFile; fileRef = 684D08441C6534B900BF086E /* ZFRippleButton.swift */; };
		68587EFA1C456F44002696C3 /* Notification.swift in Sources */ = {isa = PBXBuildFile; fileRef = 68587EF91C456F44002696C3 /* Notification.swift */; };
		685982681C762ECD00DF7478 /* SearchConfig.swift in Sources */ = {isa = PBXBuildFile; fileRef = 685982671C762ECD00DF7478 /* SearchConfig.swift */; };
		68598DF31C2AF44F00E104C9 /* LoginViewController.swift in Sources */ = {isa = PBXBuildFile; fileRef = 68598DF21C2AF44F00E104C9 /* LoginViewController.swift */; };
		685E527F1C402B100022718B /* Request.swift in Sources */ = {isa = PBXBuildFile; fileRef = 685E527E1C402B100022718B /* Request.swift */; };
		6861249E1C7D019900F17670 /* NotificationsViewController.swift in Sources */ = {isa = PBXBuildFile; fileRef = 6861249D1C7D019900F17670 /* NotificationsViewController.swift */; };
		68663D2D1C3C8CB600460D42 /* PropertyDetailsViewController.swift in Sources */ = {isa = PBXBuildFile; fileRef = 68663D2C1C3C8CB600460D42 /* PropertyDetailsViewController.swift */; };
		68663D2F1C3C931B00460D42 /* FullPropertyDetailsViewController.swift in Sources */ = {isa = PBXBuildFile; fileRef = 68663D2E1C3C931B00460D42 /* FullPropertyDetailsViewController.swift */; };
		68663D311C3C9B2700460D42 /* SeeItNowViewController.swift in Sources */ = {isa = PBXBuildFile; fileRef = 68663D301C3C9B2700460D42 /* SeeItNowViewController.swift */; };
		686E8F3F1C3C096300F5FE01 /* SwiftyJSON.swift in Sources */ = {isa = PBXBuildFile; fileRef = 686E8F3E1C3C096300F5FE01 /* SwiftyJSON.swift */; };
		686E8F411C3C2AF900F5FE01 /* RealtorHomeViewController.swift in Sources */ = {isa = PBXBuildFile; fileRef = 686E8F401C3C2AF900F5FE01 /* RealtorHomeViewController.swift */; };
		686E8F431C3C2C2300F5FE01 /* BuyerHomeViewController.swift in Sources */ = {isa = PBXBuildFile; fileRef = 686E8F421C3C2C2300F5FE01 /* BuyerHomeViewController.swift */; };
		68794E021C73AF6500937A60 /* SearchViewController.swift in Sources */ = {isa = PBXBuildFile; fileRef = 68794E011C73AF6500937A60 /* SearchViewController.swift */; };
		6885E5F11C57021200CCCA19 /* SRWebClient.swift in Sources */ = {isa = PBXBuildFile; fileRef = 6885E5F01C57021200CCCA19 /* SRWebClient.swift */; };
		6897A1281C244B5F00AB3A0A /* AppDelegate.swift in Sources */ = {isa = PBXBuildFile; fileRef = 6897A1271C244B5F00AB3A0A /* AppDelegate.swift */; };
		6897A12A1C244B5F00AB3A0A /* ViewController.swift in Sources */ = {isa = PBXBuildFile; fileRef = 6897A1291C244B5F00AB3A0A /* ViewController.swift */; };
		6897A12D1C244B5F00AB3A0A /* Main.storyboard in Resources */ = {isa = PBXBuildFile; fileRef = 6897A12B1C244B5F00AB3A0A /* Main.storyboard */; };
		6897A1301C244B5F00AB3A0A /* See_It_Pronto.xcdatamodeld in Sources */ = {isa = PBXBuildFile; fileRef = 6897A12E1C244B5F00AB3A0A /* See_It_Pronto.xcdatamodeld */; };
		6897A1321C244B5F00AB3A0A /* Assets.xcassets in Resources */ = {isa = PBXBuildFile; fileRef = 6897A1311C244B5F00AB3A0A /* Assets.xcassets */; };
		6897A1351C244B5F00AB3A0A /* LaunchScreen.storyboard in Resources */ = {isa = PBXBuildFile; fileRef = 6897A1331C244B5F00AB3A0A /* LaunchScreen.storyboard */; };
		6897A1401C244B6000AB3A0A /* See_It_ProntoTests.swift in Sources */ = {isa = PBXBuildFile; fileRef = 6897A13F1C244B6000AB3A0A /* See_It_ProntoTests.swift */; };
		6897A14B1C244B6000AB3A0A /* See_It_ProntoUITests.swift in Sources */ = {isa = PBXBuildFile; fileRef = 6897A14A1C244B6000AB3A0A /* See_It_ProntoUITests.swift */; };
		68C265841C7B5608006ADF61 /* ListBuyersViewController.swift in Sources */ = {isa = PBXBuildFile; fileRef = 68C265831C7B5608006ADF61 /* ListBuyersViewController.swift */; };
		68C265861C7B5AC5006ADF61 /* ListBuyersTableViewCell.swift in Sources */ = {isa = PBXBuildFile; fileRef = 68C265851C7B5AC5006ADF61 /* ListBuyersTableViewCell.swift */; };
		68D64C561C443DF5006CBE2F /* Utitity.swift in Sources */ = {isa = PBXBuildFile; fileRef = 68D64C551C443DF5006CBE2F /* Utitity.swift */; };
		68FA964C1C3D9DD80023C292 /* SeeitLaterViewController.swift in Sources */ = {isa = PBXBuildFile; fileRef = 68FA964B1C3D9DD80023C292 /* SeeitLaterViewController.swift */; };
/* End PBXBuildFile section */

/* Begin PBXContainerItemProxy section */
		6897A13C1C244B6000AB3A0A /* PBXContainerItemProxy */ = {
			isa = PBXContainerItemProxy;
			containerPortal = 6897A11C1C244B5F00AB3A0A /* Project object */;
			proxyType = 1;
			remoteGlobalIDString = 6897A1231C244B5F00AB3A0A;
			remoteInfo = "See-It-Pronto";
		};
		6897A1471C244B6000AB3A0A /* PBXContainerItemProxy */ = {
			isa = PBXContainerItemProxy;
			containerPortal = 6897A11C1C244B5F00AB3A0A /* Project object */;
			proxyType = 1;
			remoteGlobalIDString = 6897A1231C244B5F00AB3A0A;
			remoteInfo = "See-It-Pronto";
		};
/* End PBXContainerItemProxy section */

/* Begin PBXFileReference section */
		10058EDA1CB8447C008B0E97 /* PropertyListViewController.swift */ = {isa = PBXFileReference; fileEncoding = 4; lastKnownFileType = sourcecode.swift; path = PropertyListViewController.swift; sourceTree = "<group>"; };
		10058EDC1CB8449E008B0E97 /* PropertyListTableViewCell.swift */ = {isa = PBXFileReference; fileEncoding = 4; lastKnownFileType = sourcecode.swift; path = PropertyListTableViewCell.swift; sourceTree = "<group>"; };
		100797431CB3FDEF008C0492 /* NotificationDetailViewController.swift */ = {isa = PBXFileReference; fileEncoding = 4; lastKnownFileType = sourcecode.swift; path = NotificationDetailViewController.swift; sourceTree = "<group>"; };
		102526F01CA080FE00EE2DB0 /* SeeItLaterBuyerViewController.swift */ = {isa = PBXFileReference; fileEncoding = 4; lastKnownFileType = sourcecode.swift; path = SeeItLaterBuyerViewController.swift; sourceTree = "<group>"; };
		102526F21CA082CD00EE2DB0 /* SeeItLaterBuyerTableViewCell.swift */ = {isa = PBXFileReference; fileEncoding = 4; lastKnownFileType = sourcecode.swift; path = SeeItLaterBuyerTableViewCell.swift; sourceTree = "<group>"; };
		1040F5431CAC47910011E497 /* PastListingsBuyerViewController.swift */ = {isa = PBXFileReference; fileEncoding = 4; lastKnownFileType = sourcecode.swift; path = PastListingsBuyerViewController.swift; sourceTree = "<group>"; };
		1040F5451CAC47CB0011E497 /* PastListingBuyerTableViewCell.swift */ = {isa = PBXFileReference; fileEncoding = 4; lastKnownFileType = sourcecode.swift; path = PastListingBuyerTableViewCell.swift; sourceTree = "<group>"; };
		107934BA1CD7AC6700F07A14 /* ImageLoadingWithCache.swift */ = {isa = PBXFileReference; fileEncoding = 4; lastKnownFileType = sourcecode.swift; path = ImageLoadingWithCache.swift; sourceTree = "<group>"; };
		107934BC1CD7C7D500F07A14 /* MyDownloader.swift */ = {isa = PBXFileReference; fileEncoding = 4; lastKnownFileType = sourcecode.swift; path = MyDownloader.swift; sourceTree = "<group>"; };
		107A40321C848C1A001C96A8 /* SeeitNowTableViewCell.swift */ = {isa = PBXFileReference; fileEncoding = 4; lastKnownFileType = sourcecode.swift; path = SeeitNowTableViewCell.swift; sourceTree = "<group>"; };
		107A40341C84C31A001C96A8 /* PropertyRealtorManager.swift */ = {isa = PBXFileReference; fileEncoding = 4; lastKnownFileType = sourcecode.swift; path = PropertyRealtorManager.swift; sourceTree = "<group>"; };
		107DA4771C9328970069FD07 /* OneShotLocationManager.swift */ = {isa = PBXFileReference; fileEncoding = 4; lastKnownFileType = sourcecode.swift; path = OneShotLocationManager.swift; sourceTree = "<group>"; };
		1084C7611CB6E108004690BC /* CurrentShowingViewController.swift */ = {isa = PBXFileReference; fileEncoding = 4; lastKnownFileType = sourcecode.swift; path = CurrentShowingViewController.swift; sourceTree = "<group>"; };
		108795961C97069D00B3D6FA /* AppointmentsViewController.swift */ = {isa = PBXFileReference; fileEncoding = 4; lastKnownFileType = sourcecode.swift; path = AppointmentsViewController.swift; sourceTree = "<group>"; };
		108795981C970A7500B3D6FA /* AppointmentsTableViewCell.swift */ = {isa = PBXFileReference; fileEncoding = 4; lastKnownFileType = sourcecode.swift; path = AppointmentsTableViewCell.swift; sourceTree = "<group>"; };
		1087959A1C97367A00B3D6FA /* MyListingsRealtorTableViewCell.swift */ = {isa = PBXFileReference; fileEncoding = 4; lastKnownFileType = sourcecode.swift; path = MyListingsRealtorTableViewCell.swift; sourceTree = "<group>"; };
		109E6A471C80A95A00AD46EE /* PropertyManager.swift */ = {isa = PBXFileReference; fileEncoding = 4; lastKnownFileType = sourcecode.swift; path = PropertyManager.swift; sourceTree = "<group>"; };
		109FF8491C860A1000E20FC2 /* PropertyActionManager.swift */ = {isa = PBXFileReference; fileEncoding = 4; lastKnownFileType = sourcecode.swift; path = PropertyActionManager.swift; sourceTree = "<group>"; };
		109FF84B1C861B1A00E20FC2 /* DatePickerDialog.swift */ = {isa = PBXFileReference; fileEncoding = 4; lastKnownFileType = sourcecode.swift; path = DatePickerDialog.swift; sourceTree = "<group>"; };
		10A3AC361CBFF167005AAD85 /* BuyerProfileViewController.swift */ = {isa = PBXFileReference; fileEncoding = 4; lastKnownFileType = sourcecode.swift; path = BuyerProfileViewController.swift; sourceTree = "<group>"; };
		10B360611CA3267600B73D01 /* BuyerForm5ViewController.swift */ = {isa = PBXFileReference; fileEncoding = 4; lastKnownFileType = sourcecode.swift; path = BuyerForm5ViewController.swift; sourceTree = "<group>"; };
		10B360631CA9B3A900B73D01 /* FeedBacksViewController.swift */ = {isa = PBXFileReference; fileEncoding = 4; lastKnownFileType = sourcecode.swift; path = FeedBacksViewController.swift; sourceTree = "<group>"; };
		10B360651CA9B45800B73D01 /* FeedBacksTableViewCell.swift */ = {isa = PBXFileReference; fileEncoding = 4; lastKnownFileType = sourcecode.swift; path = FeedBacksTableViewCell.swift; sourceTree = "<group>"; };
		10C08F251CBD4F6700956E17 /* ReadyToWorkViewController.swift */ = {isa = PBXFileReference; fileEncoding = 4; lastKnownFileType = sourcecode.swift; path = ReadyToWorkViewController.swift; sourceTree = "<group>"; };
		10E46AE91CC1535300C5F8D5 /* UIColor.swift */ = {isa = PBXFileReference; fileEncoding = 4; lastKnownFileType = sourcecode.swift; path = UIColor.swift; sourceTree = "<group>"; };
		680842E21C3EB0C700AF7F8E /* AppConfig.swift */ = {isa = PBXFileReference; fileEncoding = 4; lastKnownFileType = sourcecode.swift; path = AppConfig.swift; sourceTree = "<group>"; };
		680C41AF1C6A6BF800194728 /* ListRealtorsViewController.swift */ = {isa = PBXFileReference; fileEncoding = 4; lastKnownFileType = sourcecode.swift; path = ListRealtorsViewController.swift; sourceTree = "<group>"; };
		681140881C3AC2360068AE1C /* ForgotPasswordViewController.swift */ = {isa = PBXFileReference; fileEncoding = 4; lastKnownFileType = sourcecode.swift; path = ForgotPasswordViewController.swift; sourceTree = "<group>"; };
		6811408A1C3AC3280068AE1C /* SelectRoleViewController.swift */ = {isa = PBXFileReference; fileEncoding = 4; lastKnownFileType = sourcecode.swift; path = SelectRoleViewController.swift; sourceTree = "<group>"; };
		681140941C3AC60D0068AE1C /* BuyerForm1ViewController.swift */ = {isa = PBXFileReference; fileEncoding = 4; lastKnownFileType = sourcecode.swift; path = BuyerForm1ViewController.swift; sourceTree = "<group>"; };
		681140961C3AC61F0068AE1C /* BuyerForm2ViewController.swift */ = {isa = PBXFileReference; fileEncoding = 4; lastKnownFileType = sourcecode.swift; path = BuyerForm2ViewController.swift; sourceTree = "<group>"; };
		681140981C3AC62F0068AE1C /* BuyerForm3ViewController.swift */ = {isa = PBXFileReference; fileEncoding = 4; lastKnownFileType = sourcecode.swift; path = BuyerForm3ViewController.swift; sourceTree = "<group>"; };
		6811409A1C3AC6440068AE1C /* BuyerForm4ViewController.swift */ = {isa = PBXFileReference; fileEncoding = 4; lastKnownFileType = sourcecode.swift; path = BuyerForm4ViewController.swift; sourceTree = "<group>"; };
		6811409E1C3AC6930068AE1C /* RealtorForm3ViewController.swift */ = {isa = PBXFileReference; fileEncoding = 4; lastKnownFileType = sourcecode.swift; path = RealtorForm3ViewController.swift; sourceTree = "<group>"; };
		681140A21C3AC7010068AE1C /* RealtorProfileViewController.swift */ = {isa = PBXFileReference; fileEncoding = 4; lastKnownFileType = sourcecode.swift; path = RealtorProfileViewController.swift; sourceTree = "<group>"; };
		681140A41C3AC75C0068AE1C /* ShowingRequestViewController.swift */ = {isa = PBXFileReference; fileEncoding = 4; lastKnownFileType = sourcecode.swift; path = ShowingRequestViewController.swift; sourceTree = "<group>"; };
		681140A61C3AC7950068AE1C /* RealtorDashboardViewController.swift */ = {isa = PBXFileReference; fileEncoding = 4; lastKnownFileType = sourcecode.swift; path = RealtorDashboardViewController.swift; sourceTree = "<group>"; };
		681140A81C3AC7C30068AE1C /* MyListingsRealtorViewController.swift */ = {isa = PBXFileReference; fileEncoding = 4; lastKnownFileType = sourcecode.swift; path = MyListingsRealtorViewController.swift; sourceTree = "<group>"; };
		681140AC1C3AC8010068AE1C /* AddBeaconViewController.swift */ = {isa = PBXFileReference; fileEncoding = 4; lastKnownFileType = sourcecode.swift; path = AddBeaconViewController.swift; sourceTree = "<group>"; };
		681140AE1C3AC8360068AE1C /* BeaconStoreViewController.swift */ = {isa = PBXFileReference; fileEncoding = 4; lastKnownFileType = sourcecode.swift; path = BeaconStoreViewController.swift; sourceTree = "<group>"; };
		681140B01C3AC8760068AE1C /* ListingDetailsViewController.swift */ = {isa = PBXFileReference; fileEncoding = 4; lastKnownFileType = sourcecode.swift; path = ListingDetailsViewController.swift; sourceTree = "<group>"; };
		68275C091C40041F00696FBE /* UserManager.swift */ = {isa = PBXFileReference; fileEncoding = 4; lastKnownFileType = sourcecode.swift; path = UserManager.swift; sourceTree = "<group>"; };
		682EF3541C5287D5007176BF /* RealtorForm2ViewController.swift */ = {isa = PBXFileReference; fileEncoding = 4; lastKnownFileType = sourcecode.swift; path = RealtorForm2ViewController.swift; sourceTree = "<group>"; };
		682EF3561C528960007176BF /* RealtorForm1ViewController.swift */ = {isa = PBXFileReference; fileEncoding = 4; lastKnownFileType = sourcecode.swift; path = RealtorForm1ViewController.swift; sourceTree = "<group>"; };
		683983201C74BCE900129EA5 /* ListRealtorsTableViewCell.swift */ = {isa = PBXFileReference; fileEncoding = 4; lastKnownFileType = sourcecode.swift; path = ListRealtorsTableViewCell.swift; sourceTree = "<group>"; };
		683F7F201C3D62FA00CA0A0C /* AgentConfirmationViewController.swift */ = {isa = PBXFileReference; fileEncoding = 4; lastKnownFileType = sourcecode.swift; path = AgentConfirmationViewController.swift; sourceTree = "<group>"; };
		683F7F221C3D7CB500CA0A0C /* CongratulationsViewController.swift */ = {isa = PBXFileReference; fileEncoding = 4; lastKnownFileType = sourcecode.swift; lineEnding = 0; path = CongratulationsViewController.swift; sourceTree = "<group>"; };
		683F7F241C3D7D3C00CA0A0C /* FeedBack1ViewController.swift */ = {isa = PBXFileReference; fileEncoding = 4; lastKnownFileType = sourcecode.swift; path = FeedBack1ViewController.swift; sourceTree = "<group>"; };
		683F7F261C3D7E4700CA0A0C /* FeedBack2ViewController.swift */ = {isa = PBXFileReference; fileEncoding = 4; lastKnownFileType = sourcecode.swift; path = FeedBack2ViewController.swift; sourceTree = "<group>"; };
		683F7F281C3D7EC100CA0A0C /* FeedBack3ViewController.swift */ = {isa = PBXFileReference; fileEncoding = 4; lastKnownFileType = sourcecode.swift; path = FeedBack3ViewController.swift; sourceTree = "<group>"; };
		684D08401C6534B900BF086E /* BaseViewController.swift */ = {isa = PBXFileReference; fileEncoding = 4; lastKnownFileType = sourcecode.swift; path = BaseViewController.swift; sourceTree = "<group>"; };
		684D08411C6534B900BF086E /* TableViewMenuController.swift */ = {isa = PBXFileReference; fileEncoding = 4; lastKnownFileType = sourcecode.swift; path = TableViewMenuController.swift; sourceTree = "<group>"; };
		684D08421C6534B900BF086E /* ChildViewController.swift */ = {isa = PBXFileReference; fileEncoding = 4; lastKnownFileType = sourcecode.swift; path = ChildViewController.swift; sourceTree = "<group>"; };
		684D08431C6534B900BF086E /* MenuTableViewCell.swift */ = {isa = PBXFileReference; fileEncoding = 4; lastKnownFileType = sourcecode.swift; path = MenuTableViewCell.swift; sourceTree = "<group>"; };
		684D08441C6534B900BF086E /* ZFRippleButton.swift */ = {isa = PBXFileReference; fileEncoding = 4; lastKnownFileType = sourcecode.swift; path = ZFRippleButton.swift; sourceTree = "<group>"; };
		68587EF91C456F44002696C3 /* Notification.swift */ = {isa = PBXFileReference; fileEncoding = 4; lastKnownFileType = sourcecode.swift; name = Notification.swift; path = ../Notification.swift; sourceTree = "<group>"; };
		685982671C762ECD00DF7478 /* SearchConfig.swift */ = {isa = PBXFileReference; fileEncoding = 4; lastKnownFileType = sourcecode.swift; path = SearchConfig.swift; sourceTree = "<group>"; };
		68598DF21C2AF44F00E104C9 /* LoginViewController.swift */ = {isa = PBXFileReference; fileEncoding = 4; lastKnownFileType = sourcecode.swift; path = LoginViewController.swift; sourceTree = "<group>"; };
		685E527E1C402B100022718B /* Request.swift */ = {isa = PBXFileReference; fileEncoding = 4; lastKnownFileType = sourcecode.swift; path = Request.swift; sourceTree = "<group>"; };
		6861249D1C7D019900F17670 /* NotificationsViewController.swift */ = {isa = PBXFileReference; fileEncoding = 4; lastKnownFileType = sourcecode.swift; path = NotificationsViewController.swift; sourceTree = "<group>"; };
		68663D2C1C3C8CB600460D42 /* PropertyDetailsViewController.swift */ = {isa = PBXFileReference; fileEncoding = 4; lastKnownFileType = sourcecode.swift; path = PropertyDetailsViewController.swift; sourceTree = "<group>"; };
		68663D2E1C3C931B00460D42 /* FullPropertyDetailsViewController.swift */ = {isa = PBXFileReference; fileEncoding = 4; lastKnownFileType = sourcecode.swift; path = FullPropertyDetailsViewController.swift; sourceTree = "<group>"; };
		68663D301C3C9B2700460D42 /* SeeItNowViewController.swift */ = {isa = PBXFileReference; fileEncoding = 4; lastKnownFileType = sourcecode.swift; path = SeeItNowViewController.swift; sourceTree = "<group>"; };
		686E8F3E1C3C096300F5FE01 /* SwiftyJSON.swift */ = {isa = PBXFileReference; fileEncoding = 4; lastKnownFileType = sourcecode.swift; path = SwiftyJSON.swift; sourceTree = "<group>"; };
		686E8F401C3C2AF900F5FE01 /* RealtorHomeViewController.swift */ = {isa = PBXFileReference; fileEncoding = 4; lastKnownFileType = sourcecode.swift; path = RealtorHomeViewController.swift; sourceTree = "<group>"; };
		686E8F421C3C2C2300F5FE01 /* BuyerHomeViewController.swift */ = {isa = PBXFileReference; fileEncoding = 4; lastKnownFileType = sourcecode.swift; path = BuyerHomeViewController.swift; sourceTree = "<group>"; };
		68794E011C73AF6500937A60 /* SearchViewController.swift */ = {isa = PBXFileReference; fileEncoding = 4; lastKnownFileType = sourcecode.swift; path = SearchViewController.swift; sourceTree = "<group>"; };
		6885E5F01C57021200CCCA19 /* SRWebClient.swift */ = {isa = PBXFileReference; fileEncoding = 4; lastKnownFileType = sourcecode.swift; path = SRWebClient.swift; sourceTree = "<group>"; };
		6897A1241C244B5F00AB3A0A /* See-It-Pronto.app */ = {isa = PBXFileReference; explicitFileType = wrapper.application; includeInIndex = 0; path = "See-It-Pronto.app"; sourceTree = BUILT_PRODUCTS_DIR; };
		6897A1271C244B5F00AB3A0A /* AppDelegate.swift */ = {isa = PBXFileReference; lastKnownFileType = sourcecode.swift; path = AppDelegate.swift; sourceTree = "<group>"; };
		6897A1291C244B5F00AB3A0A /* ViewController.swift */ = {isa = PBXFileReference; lastKnownFileType = sourcecode.swift; path = ViewController.swift; sourceTree = "<group>"; };
		6897A12C1C244B5F00AB3A0A /* Base */ = {isa = PBXFileReference; lastKnownFileType = file.storyboard; name = Base; path = Base.lproj/Main.storyboard; sourceTree = "<group>"; };
		6897A12F1C244B5F00AB3A0A /* See_It_Pronto.xcdatamodel */ = {isa = PBXFileReference; lastKnownFileType = wrapper.xcdatamodel; path = See_It_Pronto.xcdatamodel; sourceTree = "<group>"; };
		6897A1311C244B5F00AB3A0A /* Assets.xcassets */ = {isa = PBXFileReference; lastKnownFileType = folder.assetcatalog; path = Assets.xcassets; sourceTree = "<group>"; };
		6897A1341C244B5F00AB3A0A /* Base */ = {isa = PBXFileReference; lastKnownFileType = file.storyboard; name = Base; path = Base.lproj/LaunchScreen.storyboard; sourceTree = "<group>"; };
		6897A1361C244B5F00AB3A0A /* Info.plist */ = {isa = PBXFileReference; lastKnownFileType = text.plist.xml; path = Info.plist; sourceTree = "<group>"; };
		6897A13B1C244B6000AB3A0A /* See-It-ProntoTests.xctest */ = {isa = PBXFileReference; explicitFileType = wrapper.cfbundle; includeInIndex = 0; path = "See-It-ProntoTests.xctest"; sourceTree = BUILT_PRODUCTS_DIR; };
		6897A13F1C244B6000AB3A0A /* See_It_ProntoTests.swift */ = {isa = PBXFileReference; lastKnownFileType = sourcecode.swift; path = See_It_ProntoTests.swift; sourceTree = "<group>"; };
		6897A1411C244B6000AB3A0A /* Info.plist */ = {isa = PBXFileReference; lastKnownFileType = text.plist.xml; path = Info.plist; sourceTree = "<group>"; };
		6897A1461C244B6000AB3A0A /* See-It-ProntoUITests.xctest */ = {isa = PBXFileReference; explicitFileType = wrapper.cfbundle; includeInIndex = 0; path = "See-It-ProntoUITests.xctest"; sourceTree = BUILT_PRODUCTS_DIR; };
		6897A14A1C244B6000AB3A0A /* See_It_ProntoUITests.swift */ = {isa = PBXFileReference; lastKnownFileType = sourcecode.swift; path = See_It_ProntoUITests.swift; sourceTree = "<group>"; };
		6897A14C1C244B6000AB3A0A /* Info.plist */ = {isa = PBXFileReference; lastKnownFileType = text.plist.xml; path = Info.plist; sourceTree = "<group>"; };
		68C265831C7B5608006ADF61 /* ListBuyersViewController.swift */ = {isa = PBXFileReference; fileEncoding = 4; lastKnownFileType = sourcecode.swift; path = ListBuyersViewController.swift; sourceTree = "<group>"; };
		68C265851C7B5AC5006ADF61 /* ListBuyersTableViewCell.swift */ = {isa = PBXFileReference; fileEncoding = 4; lastKnownFileType = sourcecode.swift; path = ListBuyersTableViewCell.swift; sourceTree = "<group>"; };
		68D64C551C443DF5006CBE2F /* Utitity.swift */ = {isa = PBXFileReference; fileEncoding = 4; lastKnownFileType = sourcecode.swift; path = Utitity.swift; sourceTree = "<group>"; };
		68FA964B1C3D9DD80023C292 /* SeeitLaterViewController.swift */ = {isa = PBXFileReference; fileEncoding = 4; lastKnownFileType = sourcecode.swift; path = SeeitLaterViewController.swift; sourceTree = "<group>"; };
/* End PBXFileReference section */

/* Begin PBXFrameworksBuildPhase section */
		6897A1211C244B5F00AB3A0A /* Frameworks */ = {
			isa = PBXFrameworksBuildPhase;
			buildActionMask = 2147483647;
			files = (
			);
			runOnlyForDeploymentPostprocessing = 0;
		};
		6897A1381C244B6000AB3A0A /* Frameworks */ = {
			isa = PBXFrameworksBuildPhase;
			buildActionMask = 2147483647;
			files = (
			);
			runOnlyForDeploymentPostprocessing = 0;
		};
		6897A1431C244B6000AB3A0A /* Frameworks */ = {
			isa = PBXFrameworksBuildPhase;
			buildActionMask = 2147483647;
			files = (
			);
			runOnlyForDeploymentPostprocessing = 0;
		};
/* End PBXFrameworksBuildPhase section */

/* Begin PBXGroup section */
		680842DF1C3EAC5E00AF7F8E /* Model */ = {
			isa = PBXGroup;
			children = (
				680842E21C3EB0C700AF7F8E /* AppConfig.swift */,
				68275C091C40041F00696FBE /* UserManager.swift */,
				685982671C762ECD00DF7478 /* SearchConfig.swift */,
				109E6A471C80A95A00AD46EE /* PropertyManager.swift */,
				107A40341C84C31A001C96A8 /* PropertyRealtorManager.swift */,
				109FF8491C860A1000E20FC2 /* PropertyActionManager.swift */,
				107934BC1CD7C7D500F07A14 /* MyDownloader.swift */,
			);
			name = Model;
			sourceTree = "<group>";
		};
		6839831F1C74BC8200129EA5 /* Cell */ = {
			isa = PBXGroup;
			children = (
				683983201C74BCE900129EA5 /* ListRealtorsTableViewCell.swift */,
				68C265851C7B5AC5006ADF61 /* ListBuyersTableViewCell.swift */,
				107A40321C848C1A001C96A8 /* SeeitNowTableViewCell.swift */,
				108795981C970A7500B3D6FA /* AppointmentsTableViewCell.swift */,
				1087959A1C97367A00B3D6FA /* MyListingsRealtorTableViewCell.swift */,
				102526F21CA082CD00EE2DB0 /* SeeItLaterBuyerTableViewCell.swift */,
				10B360651CA9B45800B73D01 /* FeedBacksTableViewCell.swift */,
				1040F5451CAC47CB0011E497 /* PastListingBuyerTableViewCell.swift */,
				10058EDC1CB8449E008B0E97 /* PropertyListTableViewCell.swift */,
			);
			name = Cell;
			sourceTree = "<group>";
		};
		68598DF11C2AF40200E104C9 /* Controller */ = {
			isa = PBXGroup;
			children = (
				68598DF21C2AF44F00E104C9 /* LoginViewController.swift */,
				681140881C3AC2360068AE1C /* ForgotPasswordViewController.swift */,
				6811408A1C3AC3280068AE1C /* SelectRoleViewController.swift */,
				681140941C3AC60D0068AE1C /* BuyerForm1ViewController.swift */,
				681140961C3AC61F0068AE1C /* BuyerForm2ViewController.swift */,
				681140981C3AC62F0068AE1C /* BuyerForm3ViewController.swift */,
				6811409A1C3AC6440068AE1C /* BuyerForm4ViewController.swift */,
				10B360611CA3267600B73D01 /* BuyerForm5ViewController.swift */,
				686E8F421C3C2C2300F5FE01 /* BuyerHomeViewController.swift */,
				682EF3561C528960007176BF /* RealtorForm1ViewController.swift */,
				682EF3541C5287D5007176BF /* RealtorForm2ViewController.swift */,
				6811409E1C3AC6930068AE1C /* RealtorForm3ViewController.swift */,
				681140A21C3AC7010068AE1C /* RealtorProfileViewController.swift */,
				686E8F401C3C2AF900F5FE01 /* RealtorHomeViewController.swift */,
				681140A81C3AC7C30068AE1C /* MyListingsRealtorViewController.swift */,
				681140A41C3AC75C0068AE1C /* ShowingRequestViewController.swift */,
				681140AC1C3AC8010068AE1C /* AddBeaconViewController.swift */,
				681140AE1C3AC8360068AE1C /* BeaconStoreViewController.swift */,
				681140B01C3AC8760068AE1C /* ListingDetailsViewController.swift */,
				68663D2C1C3C8CB600460D42 /* PropertyDetailsViewController.swift */,
				68663D2E1C3C931B00460D42 /* FullPropertyDetailsViewController.swift */,
				68663D301C3C9B2700460D42 /* SeeItNowViewController.swift */,
				683F7F241C3D7D3C00CA0A0C /* FeedBack1ViewController.swift */,
				681140A61C3AC7950068AE1C /* RealtorDashboardViewController.swift */,
				683F7F201C3D62FA00CA0A0C /* AgentConfirmationViewController.swift */,
				683F7F221C3D7CB500CA0A0C /* CongratulationsViewController.swift */,
				683F7F261C3D7E4700CA0A0C /* FeedBack2ViewController.swift */,
				683F7F281C3D7EC100CA0A0C /* FeedBack3ViewController.swift */,
				68FA964B1C3D9DD80023C292 /* SeeitLaterViewController.swift */,
				680C41AF1C6A6BF800194728 /* ListRealtorsViewController.swift */,
				68C265831C7B5608006ADF61 /* ListBuyersViewController.swift */,
				6861249D1C7D019900F17670 /* NotificationsViewController.swift */,
				108795961C97069D00B3D6FA /* AppointmentsViewController.swift */,
				102526F01CA080FE00EE2DB0 /* SeeItLaterBuyerViewController.swift */,
				10B360631CA9B3A900B73D01 /* FeedBacksViewController.swift */,
				1040F5431CAC47910011E497 /* PastListingsBuyerViewController.swift */,
				100797431CB3FDEF008C0492 /* NotificationDetailViewController.swift */,
				1084C7611CB6E108004690BC /* CurrentShowingViewController.swift */,
				10058EDA1CB8447C008B0E97 /* PropertyListViewController.swift */,
				10C08F251CBD4F6700956E17 /* ReadyToWorkViewController.swift */,
				10A3AC361CBFF167005AAD85 /* BuyerProfileViewController.swift */,
			);
			name = Controller;
			sourceTree = "<group>";
		};
		686E8F3D1C3C089F00F5FE01 /* Lib */ = {
			isa = PBXGroup;
			children = (
				107DA4771C9328970069FD07 /* OneShotLocationManager.swift */,
				6885E5F01C57021200CCCA19 /* SRWebClient.swift */,
				10E46AE91CC1535300C5F8D5 /* UIColor.swift */,
				109FF84B1C861B1A00E20FC2 /* DatePickerDialog.swift */,
				686E8F3E1C3C096300F5FE01 /* SwiftyJSON.swift */,
			);
			name = Lib;
			sourceTree = "<group>";
		};
		6897A11B1C244B5F00AB3A0A = {
			isa = PBXGroup;
			children = (
				6897A1261C244B5F00AB3A0A /* See-It-Pronto */,
				6897A13E1C244B6000AB3A0A /* See-It-ProntoTests */,
				6897A1491C244B6000AB3A0A /* See-It-ProntoUITests */,
				6897A1251C244B5F00AB3A0A /* Products */,
			);
			sourceTree = "<group>";
		};
		6897A1251C244B5F00AB3A0A /* Products */ = {
			isa = PBXGroup;
			children = (
				6897A1241C244B5F00AB3A0A /* See-It-Pronto.app */,
				6897A13B1C244B6000AB3A0A /* See-It-ProntoTests.xctest */,
				6897A1461C244B6000AB3A0A /* See-It-ProntoUITests.xctest */,
			);
			name = Products;
			sourceTree = "<group>";
		};
		6897A1261C244B5F00AB3A0A /* See-It-Pronto */ = {
			isa = PBXGroup;
			children = (
				6839831F1C74BC8200129EA5 /* Cell */,
				68C2932D1C63C6C70031C41A /* Menu */,
				680842DF1C3EAC5E00AF7F8E /* Model */,
				686E8F3D1C3C089F00F5FE01 /* Lib */,
				689A300B1C456D8200D39DE6 /* Helper */,
				68598DF11C2AF40200E104C9 /* Controller */,
				6897A1271C244B5F00AB3A0A /* AppDelegate.swift */,
				6897A1291C244B5F00AB3A0A /* ViewController.swift */,
				6897A12B1C244B5F00AB3A0A /* Main.storyboard */,
				6897A1311C244B5F00AB3A0A /* Assets.xcassets */,
				6897A1331C244B5F00AB3A0A /* LaunchScreen.storyboard */,
				6897A1361C244B5F00AB3A0A /* Info.plist */,
				6897A12E1C244B5F00AB3A0A /* See_It_Pronto.xcdatamodeld */,
			);
			path = "See-It-Pronto";
			sourceTree = "<group>";
		};
		6897A13E1C244B6000AB3A0A /* See-It-ProntoTests */ = {
			isa = PBXGroup;
			children = (
				6897A13F1C244B6000AB3A0A /* See_It_ProntoTests.swift */,
				6897A1411C244B6000AB3A0A /* Info.plist */,
			);
			path = "See-It-ProntoTests";
			sourceTree = "<group>";
		};
		6897A1491C244B6000AB3A0A /* See-It-ProntoUITests */ = {
			isa = PBXGroup;
			children = (
				6897A14A1C244B6000AB3A0A /* See_It_ProntoUITests.swift */,
				6897A14C1C244B6000AB3A0A /* Info.plist */,
			);
			path = "See-It-ProntoUITests";
			sourceTree = "<group>";
		};
		689A300B1C456D8200D39DE6 /* Helper */ = {
			isa = PBXGroup;
			children = (
				685E527E1C402B100022718B /* Request.swift */,
				68D64C551C443DF5006CBE2F /* Utitity.swift */,
				68587EF91C456F44002696C3 /* Notification.swift */,
				107934BA1CD7AC6700F07A14 /* ImageLoadingWithCache.swift */,
			);
			name = Helper;
			sourceTree = "<group>";
		};
		68C2932D1C63C6C70031C41A /* Menu */ = {
			isa = PBXGroup;
			children = (
				684D08401C6534B900BF086E /* BaseViewController.swift */,
				684D08411C6534B900BF086E /* TableViewMenuController.swift */,
				684D08421C6534B900BF086E /* ChildViewController.swift */,
				684D08431C6534B900BF086E /* MenuTableViewCell.swift */,
				684D08441C6534B900BF086E /* ZFRippleButton.swift */,
				68794E011C73AF6500937A60 /* SearchViewController.swift */,
			);
			name = Menu;
			sourceTree = "<group>";
		};
/* End PBXGroup section */

/* Begin PBXNativeTarget section */
		6897A1231C244B5F00AB3A0A /* See-It-Pronto */ = {
			isa = PBXNativeTarget;
			buildConfigurationList = 6897A14F1C244B6000AB3A0A /* Build configuration list for PBXNativeTarget "See-It-Pronto" */;
			buildPhases = (
				6897A1201C244B5F00AB3A0A /* Sources */,
				6897A1211C244B5F00AB3A0A /* Frameworks */,
				6897A1221C244B5F00AB3A0A /* Resources */,
			);
			buildRules = (
			);
			dependencies = (
			);
			name = "See-It-Pronto";
			productName = "See-It-Pronto";
			productReference = 6897A1241C244B5F00AB3A0A /* See-It-Pronto.app */;
			productType = "com.apple.product-type.application";
		};
		6897A13A1C244B6000AB3A0A /* See-It-ProntoTests */ = {
			isa = PBXNativeTarget;
			buildConfigurationList = 6897A1521C244B6000AB3A0A /* Build configuration list for PBXNativeTarget "See-It-ProntoTests" */;
			buildPhases = (
				6897A1371C244B6000AB3A0A /* Sources */,
				6897A1381C244B6000AB3A0A /* Frameworks */,
				6897A1391C244B6000AB3A0A /* Resources */,
			);
			buildRules = (
			);
			dependencies = (
				6897A13D1C244B6000AB3A0A /* PBXTargetDependency */,
			);
			name = "See-It-ProntoTests";
			productName = "See-It-ProntoTests";
			productReference = 6897A13B1C244B6000AB3A0A /* See-It-ProntoTests.xctest */;
			productType = "com.apple.product-type.bundle.unit-test";
		};
		6897A1451C244B6000AB3A0A /* See-It-ProntoUITests */ = {
			isa = PBXNativeTarget;
			buildConfigurationList = 6897A1551C244B6000AB3A0A /* Build configuration list for PBXNativeTarget "See-It-ProntoUITests" */;
			buildPhases = (
				6897A1421C244B6000AB3A0A /* Sources */,
				6897A1431C244B6000AB3A0A /* Frameworks */,
				6897A1441C244B6000AB3A0A /* Resources */,
			);
			buildRules = (
			);
			dependencies = (
				6897A1481C244B6000AB3A0A /* PBXTargetDependency */,
			);
			name = "See-It-ProntoUITests";
			productName = "See-It-ProntoUITests";
			productReference = 6897A1461C244B6000AB3A0A /* See-It-ProntoUITests.xctest */;
			productType = "com.apple.product-type.bundle.ui-testing";
		};
/* End PBXNativeTarget section */

/* Begin PBXProject section */
		6897A11C1C244B5F00AB3A0A /* Project object */ = {
			isa = PBXProject;
			attributes = {
				LastSwiftUpdateCheck = 0720;
				LastUpgradeCheck = 0720;
				ORGANIZATIONNAME = user114136;
				TargetAttributes = {
					6897A1231C244B5F00AB3A0A = {
						CreatedOnToolsVersion = 7.2;
						DevelopmentTeam = 64A3T3LGT7;
					};
					6897A13A1C244B6000AB3A0A = {
						CreatedOnToolsVersion = 7.2;
						TestTargetID = 6897A1231C244B5F00AB3A0A;
					};
					6897A1451C244B6000AB3A0A = {
						CreatedOnToolsVersion = 7.2;
						TestTargetID = 6897A1231C244B5F00AB3A0A;
					};
				};
			};
			buildConfigurationList = 6897A11F1C244B5F00AB3A0A /* Build configuration list for PBXProject "See-It-Pronto" */;
			compatibilityVersion = "Xcode 3.2";
			developmentRegion = English;
			hasScannedForEncodings = 0;
			knownRegions = (
				en,
				Base,
			);
			mainGroup = 6897A11B1C244B5F00AB3A0A;
			productRefGroup = 6897A1251C244B5F00AB3A0A /* Products */;
			projectDirPath = "";
			projectRoot = "";
			targets = (
				6897A1231C244B5F00AB3A0A /* See-It-Pronto */,
				6897A13A1C244B6000AB3A0A /* See-It-ProntoTests */,
				6897A1451C244B6000AB3A0A /* See-It-ProntoUITests */,
			);
		};
/* End PBXProject section */

/* Begin PBXResourcesBuildPhase section */
		6897A1221C244B5F00AB3A0A /* Resources */ = {
			isa = PBXResourcesBuildPhase;
			buildActionMask = 2147483647;
			files = (
				6897A1351C244B5F00AB3A0A /* LaunchScreen.storyboard in Resources */,
				6897A1321C244B5F00AB3A0A /* Assets.xcassets in Resources */,
				6897A12D1C244B5F00AB3A0A /* Main.storyboard in Resources */,
			);
			runOnlyForDeploymentPostprocessing = 0;
		};
		6897A1391C244B6000AB3A0A /* Resources */ = {
			isa = PBXResourcesBuildPhase;
			buildActionMask = 2147483647;
			files = (
			);
			runOnlyForDeploymentPostprocessing = 0;
		};
		6897A1441C244B6000AB3A0A /* Resources */ = {
			isa = PBXResourcesBuildPhase;
			buildActionMask = 2147483647;
			files = (
			);
			runOnlyForDeploymentPostprocessing = 0;
		};
/* End PBXResourcesBuildPhase section */

/* Begin PBXSourcesBuildPhase section */
		6897A1201C244B5F00AB3A0A /* Sources */ = {
			isa = PBXSourcesBuildPhase;
			buildActionMask = 2147483647;
			files = (
				109E6A481C80A95A00AD46EE /* PropertyManager.swift in Sources */,
				682EF3571C528960007176BF /* RealtorForm1ViewController.swift in Sources */,
				681140B11C3AC8760068AE1C /* ListingDetailsViewController.swift in Sources */,
				68598DF31C2AF44F00E104C9 /* LoginViewController.swift in Sources */,
				10A3AC371CBFF167005AAD85 /* BuyerProfileViewController.swift in Sources */,
				109FF84C1C861B1A00E20FC2 /* DatePickerDialog.swift in Sources */,
				681140991C3AC62F0068AE1C /* BuyerForm3ViewController.swift in Sources */,
				684D08461C6534B900BF086E /* TableViewMenuController.swift in Sources */,
				681140891C3AC2360068AE1C /* ForgotPasswordViewController.swift in Sources */,
				684D08451C6534B900BF086E /* BaseViewController.swift in Sources */,
				681140AD1C3AC8010068AE1C /* AddBeaconViewController.swift in Sources */,
				685982681C762ECD00DF7478 /* SearchConfig.swift in Sources */,
				1087959B1C97367A00B3D6FA /* MyListingsRealtorTableViewCell.swift in Sources */,
				107DA4781C9328970069FD07 /* OneShotLocationManager.swift in Sources */,
				6861249E1C7D019900F17670 /* NotificationsViewController.swift in Sources */,
				68794E021C73AF6500937A60 /* SearchViewController.swift in Sources */,
				6811409B1C3AC6440068AE1C /* BuyerForm4ViewController.swift in Sources */,
				68587EFA1C456F44002696C3 /* Notification.swift in Sources */,
				107A40351C84C31A001C96A8 /* PropertyRealtorManager.swift in Sources */,
				10B360661CA9B45800B73D01 /* FeedBacksTableViewCell.swift in Sources */,
				68D64C561C443DF5006CBE2F /* Utitity.swift in Sources */,
				684D08471C6534B900BF086E /* ChildViewController.swift in Sources */,
				109FF84A1C860A1000E20FC2 /* PropertyActionManager.swift in Sources */,
				10C08F261CBD4F6700956E17 /* ReadyToWorkViewController.swift in Sources */,
				68C265861C7B5AC5006ADF61 /* ListBuyersTableViewCell.swift in Sources */,
				681140A31C3AC7010068AE1C /* RealtorProfileViewController.swift in Sources */,
				681140951C3AC60D0068AE1C /* BuyerForm1ViewController.swift in Sources */,
				684D08481C6534B900BF086E /* MenuTableViewCell.swift in Sources */,
				6811408B1C3AC3280068AE1C /* SelectRoleViewController.swift in Sources */,
				686E8F431C3C2C2300F5FE01 /* BuyerHomeViewController.swift in Sources */,
				1040F5461CAC47CB0011E497 /* PastListingBuyerTableViewCell.swift in Sources */,
				684D08491C6534B900BF086E /* ZFRippleButton.swift in Sources */,
				6885E5F11C57021200CCCA19 /* SRWebClient.swift in Sources */,
				10E46AEA1CC1535300C5F8D5 /* UIColor.swift in Sources */,
				6811409F1C3AC6940068AE1C /* RealtorForm3ViewController.swift in Sources */,
				683983211C74BCE900129EA5 /* ListRealtorsTableViewCell.swift in Sources */,
				102526F11CA080FE00EE2DB0 /* SeeItLaterBuyerViewController.swift in Sources */,
				6897A12A1C244B5F00AB3A0A /* ViewController.swift in Sources */,
				686E8F3F1C3C096300F5FE01 /* SwiftyJSON.swift in Sources */,
				10058EDD1CB8449E008B0E97 /* PropertyListTableViewCell.swift in Sources */,
				683F7F271C3D7E4700CA0A0C /* FeedBack2ViewController.swift in Sources */,
				686E8F411C3C2AF900F5FE01 /* RealtorHomeViewController.swift in Sources */,
				680842E31C3EB0C700AF7F8E /* AppConfig.swift in Sources */,
				68663D2D1C3C8CB600460D42 /* PropertyDetailsViewController.swift in Sources */,
				681140971C3AC61F0068AE1C /* BuyerForm2ViewController.swift in Sources */,
				680C41B01C6A6BF800194728 /* ListRealtorsViewController.swift in Sources */,
				683F7F231C3D7CB500CA0A0C /* CongratulationsViewController.swift in Sources */,
				681140A51C3AC75C0068AE1C /* ShowingRequestViewController.swift in Sources */,
				10B360621CA3267600B73D01 /* BuyerForm5ViewController.swift in Sources */,
				68663D2F1C3C931B00460D42 /* FullPropertyDetailsViewController.swift in Sources */,
				108795991C970A7500B3D6FA /* AppointmentsTableViewCell.swift in Sources */,
				107934BB1CD7AC6700F07A14 /* ImageLoadingWithCache.swift in Sources */,
				10058EDB1CB8447C008B0E97 /* PropertyListViewController.swift in Sources */,
				102526F31CA082CD00EE2DB0 /* SeeItLaterBuyerTableViewCell.swift in Sources */,
				685E527F1C402B100022718B /* Request.swift in Sources */,
				681140AF1C3AC8360068AE1C /* BeaconStoreViewController.swift in Sources */,
				681140A91C3AC7C30068AE1C /* MyListingsRealtorViewController.swift in Sources */,
				683F7F291C3D7EC100CA0A0C /* FeedBack3ViewController.swift in Sources */,
				683F7F251C3D7D3C00CA0A0C /* FeedBack1ViewController.swift in Sources */,
				68663D311C3C9B2700460D42 /* SeeItNowViewController.swift in Sources */,
				6897A1281C244B5F00AB3A0A /* AppDelegate.swift in Sources */,
				107A40331C848C1A001C96A8 /* SeeitNowTableViewCell.swift in Sources */,
				108795971C97069D00B3D6FA /* AppointmentsViewController.swift in Sources */,
				682EF3551C5287D5007176BF /* RealtorForm2ViewController.swift in Sources */,
				68FA964C1C3D9DD80023C292 /* SeeitLaterViewController.swift in Sources */,
				68275C0A1C40041F00696FBE /* UserManager.swift in Sources */,
				6897A1301C244B5F00AB3A0A /* See_It_Pronto.xcdatamodeld in Sources */,
				100797441CB3FDEF008C0492 /* NotificationDetailViewController.swift in Sources */,
				107934BD1CD7C7D500F07A14 /* MyDownloader.swift in Sources */,
				681140A71C3AC7950068AE1C /* RealtorDashboardViewController.swift in Sources */,
				68C265841C7B5608006ADF61 /* ListBuyersViewController.swift in Sources */,
				1040F5441CAC47910011E497 /* PastListingsBuyerViewController.swift in Sources */,
				683F7F211C3D62FA00CA0A0C /* AgentConfirmationViewController.swift in Sources */,
				1084C7621CB6E108004690BC /* CurrentShowingViewController.swift in Sources */,
				10B360641CA9B3A900B73D01 /* FeedBacksViewController.swift in Sources */,
			);
			runOnlyForDeploymentPostprocessing = 0;
		};
		6897A1371C244B6000AB3A0A /* Sources */ = {
			isa = PBXSourcesBuildPhase;
			buildActionMask = 2147483647;
			files = (
				6897A1401C244B6000AB3A0A /* See_It_ProntoTests.swift in Sources */,
			);
			runOnlyForDeploymentPostprocessing = 0;
		};
		6897A1421C244B6000AB3A0A /* Sources */ = {
			isa = PBXSourcesBuildPhase;
			buildActionMask = 2147483647;
			files = (
				10E46AEB1CC16B0C00C5F8D5 /* SearchViewController.swift in Sources */,
				6897A14B1C244B6000AB3A0A /* See_It_ProntoUITests.swift in Sources */,
			);
			runOnlyForDeploymentPostprocessing = 0;
		};
/* End PBXSourcesBuildPhase section */

/* Begin PBXTargetDependency section */
		6897A13D1C244B6000AB3A0A /* PBXTargetDependency */ = {
			isa = PBXTargetDependency;
			target = 6897A1231C244B5F00AB3A0A /* See-It-Pronto */;
			targetProxy = 6897A13C1C244B6000AB3A0A /* PBXContainerItemProxy */;
		};
		6897A1481C244B6000AB3A0A /* PBXTargetDependency */ = {
			isa = PBXTargetDependency;
			target = 6897A1231C244B5F00AB3A0A /* See-It-Pronto */;
			targetProxy = 6897A1471C244B6000AB3A0A /* PBXContainerItemProxy */;
		};
/* End PBXTargetDependency section */

/* Begin PBXVariantGroup section */
		6897A12B1C244B5F00AB3A0A /* Main.storyboard */ = {
			isa = PBXVariantGroup;
			children = (
				6897A12C1C244B5F00AB3A0A /* Base */,
			);
			name = Main.storyboard;
			sourceTree = "<group>";
		};
		6897A1331C244B5F00AB3A0A /* LaunchScreen.storyboard */ = {
			isa = PBXVariantGroup;
			children = (
				6897A1341C244B5F00AB3A0A /* Base */,
			);
			name = LaunchScreen.storyboard;
			sourceTree = "<group>";
		};
/* End PBXVariantGroup section */

/* Begin XCBuildConfiguration section */
		6897A14D1C244B6000AB3A0A /* Debug */ = {
			isa = XCBuildConfiguration;
			buildSettings = {
				ALWAYS_SEARCH_USER_PATHS = NO;
				CLANG_CXX_LANGUAGE_STANDARD = "gnu++0x";
				CLANG_CXX_LIBRARY = "libc++";
				CLANG_ENABLE_MODULES = YES;
				CLANG_ENABLE_OBJC_ARC = YES;
				CLANG_WARN_BOOL_CONVERSION = YES;
				CLANG_WARN_CONSTANT_CONVERSION = YES;
				CLANG_WARN_DIRECT_OBJC_ISA_USAGE = YES_ERROR;
				CLANG_WARN_EMPTY_BODY = YES;
				CLANG_WARN_ENUM_CONVERSION = YES;
				CLANG_WARN_INT_CONVERSION = YES;
				CLANG_WARN_OBJC_ROOT_CLASS = YES_ERROR;
				CLANG_WARN_UNREACHABLE_CODE = YES;
				CLANG_WARN__DUPLICATE_METHOD_MATCH = YES;
				"CODE_SIGN_IDENTITY[sdk=iphoneos*]" = "iPhone Developer";
				COPY_PHASE_STRIP = NO;
				DEBUG_INFORMATION_FORMAT = dwarf;
				ENABLE_STRICT_OBJC_MSGSEND = YES;
				ENABLE_TESTABILITY = YES;
				GCC_C_LANGUAGE_STANDARD = gnu99;
				GCC_DYNAMIC_NO_PIC = NO;
				GCC_NO_COMMON_BLOCKS = YES;
				GCC_OPTIMIZATION_LEVEL = 0;
				GCC_PREPROCESSOR_DEFINITIONS = (
					"DEBUG=1",
					"$(inherited)",
				);
				GCC_WARN_64_TO_32_BIT_CONVERSION = YES;
				GCC_WARN_ABOUT_RETURN_TYPE = YES_ERROR;
				GCC_WARN_UNDECLARED_SELECTOR = YES;
				GCC_WARN_UNINITIALIZED_AUTOS = YES_AGGRESSIVE;
				GCC_WARN_UNUSED_FUNCTION = YES;
				GCC_WARN_UNUSED_VARIABLE = YES;
				IPHONEOS_DEPLOYMENT_TARGET = 9.2;
				MTL_ENABLE_DEBUG_INFO = YES;
				ONLY_ACTIVE_ARCH = YES;
				SDKROOT = iphoneos;
				SWIFT_OPTIMIZATION_LEVEL = "-Onone";
				TARGETED_DEVICE_FAMILY = "1,2";
			};
			name = Debug;
		};
		6897A14E1C244B6000AB3A0A /* Release */ = {
			isa = XCBuildConfiguration;
			buildSettings = {
				ALWAYS_SEARCH_USER_PATHS = NO;
				CLANG_CXX_LANGUAGE_STANDARD = "gnu++0x";
				CLANG_CXX_LIBRARY = "libc++";
				CLANG_ENABLE_MODULES = YES;
				CLANG_ENABLE_OBJC_ARC = YES;
				CLANG_WARN_BOOL_CONVERSION = YES;
				CLANG_WARN_CONSTANT_CONVERSION = YES;
				CLANG_WARN_DIRECT_OBJC_ISA_USAGE = YES_ERROR;
				CLANG_WARN_EMPTY_BODY = YES;
				CLANG_WARN_ENUM_CONVERSION = YES;
				CLANG_WARN_INT_CONVERSION = YES;
				CLANG_WARN_OBJC_ROOT_CLASS = YES_ERROR;
				CLANG_WARN_UNREACHABLE_CODE = YES;
				CLANG_WARN__DUPLICATE_METHOD_MATCH = YES;
				"CODE_SIGN_IDENTITY[sdk=iphoneos*]" = "iPhone Developer";
				COPY_PHASE_STRIP = NO;
				DEBUG_INFORMATION_FORMAT = "dwarf-with-dsym";
				ENABLE_NS_ASSERTIONS = NO;
				ENABLE_STRICT_OBJC_MSGSEND = YES;
				GCC_C_LANGUAGE_STANDARD = gnu99;
				GCC_NO_COMMON_BLOCKS = YES;
				GCC_WARN_64_TO_32_BIT_CONVERSION = YES;
				GCC_WARN_ABOUT_RETURN_TYPE = YES_ERROR;
				GCC_WARN_UNDECLARED_SELECTOR = YES;
				GCC_WARN_UNINITIALIZED_AUTOS = YES_AGGRESSIVE;
				GCC_WARN_UNUSED_FUNCTION = YES;
				GCC_WARN_UNUSED_VARIABLE = YES;
				IPHONEOS_DEPLOYMENT_TARGET = 9.2;
				MTL_ENABLE_DEBUG_INFO = NO;
				SDKROOT = iphoneos;
				TARGETED_DEVICE_FAMILY = "1,2";
				VALIDATE_PRODUCT = YES;
			};
			name = Release;
		};
		6897A1501C244B6000AB3A0A /* Debug */ = {
			isa = XCBuildConfiguration;
			buildSettings = {
				ASSETCATALOG_COMPILER_APPICON_NAME = AppIcon;
				CODE_SIGN_IDENTITY = "iPhone Developer";
				"CODE_SIGN_IDENTITY[sdk=iphoneos*]" = "iPhone Developer";
				INFOPLIST_FILE = "See-It-Pronto/Info.plist";
				LD_RUNPATH_SEARCH_PATHS = "$(inherited) @executable_path/Frameworks";
				PRODUCT_BUNDLE_IDENTIFIER = "NyxentCorp.See-It-Pronto";
				PRODUCT_NAME = "$(TARGET_NAME)";
				PROVISIONING_PROFILE = "";
			};
			name = Debug;
		};
		6897A1511C244B6000AB3A0A /* Release */ = {
			isa = XCBuildConfiguration;
			buildSettings = {
				ASSETCATALOG_COMPILER_APPICON_NAME = AppIcon;
				CODE_SIGN_IDENTITY = "iPhone Developer";
				"CODE_SIGN_IDENTITY[sdk=iphoneos*]" = "iPhone Developer";
				INFOPLIST_FILE = "See-It-Pronto/Info.plist";
				LD_RUNPATH_SEARCH_PATHS = "$(inherited) @executable_path/Frameworks";
				PRODUCT_BUNDLE_IDENTIFIER = "NyxentCorp.See-It-Pronto";
				PRODUCT_NAME = "$(TARGET_NAME)";
				PROVISIONING_PROFILE = "";
			};
			name = Release;
		};
		6897A1531C244B6000AB3A0A /* Debug */ = {
			isa = XCBuildConfiguration;
			buildSettings = {
				BUNDLE_LOADER = "$(TEST_HOST)";
				INFOPLIST_FILE = "See-It-ProntoTests/Info.plist";
				LD_RUNPATH_SEARCH_PATHS = "$(inherited) @executable_path/Frameworks @loader_path/Frameworks";
				PRODUCT_BUNDLE_IDENTIFIER = "NyxentCorp.See-It-ProntoTests";
				PRODUCT_NAME = "$(TARGET_NAME)";
				TEST_HOST = "$(BUILT_PRODUCTS_DIR)/See-It-Pronto.app/See-It-Pronto";
			};
			name = Debug;
		};
		6897A1541C244B6000AB3A0A /* Release */ = {
			isa = XCBuildConfiguration;
			buildSettings = {
				BUNDLE_LOADER = "$(TEST_HOST)";
				INFOPLIST_FILE = "See-It-ProntoTests/Info.plist";
				LD_RUNPATH_SEARCH_PATHS = "$(inherited) @executable_path/Frameworks @loader_path/Frameworks";
				PRODUCT_BUNDLE_IDENTIFIER = "NyxentCorp.See-It-ProntoTests";
				PRODUCT_NAME = "$(TARGET_NAME)";
				TEST_HOST = "$(BUILT_PRODUCTS_DIR)/See-It-Pronto.app/See-It-Pronto";
			};
			name = Release;
		};
		6897A1561C244B6000AB3A0A /* Debug */ = {
			isa = XCBuildConfiguration;
			buildSettings = {
				INFOPLIST_FILE = "See-It-ProntoUITests/Info.plist";
				LD_RUNPATH_SEARCH_PATHS = "$(inherited) @executable_path/Frameworks @loader_path/Frameworks";
				PRODUCT_BUNDLE_IDENTIFIER = "NyxentCorp.See-It-ProntoUITests";
				PRODUCT_NAME = "$(TARGET_NAME)";
				TEST_TARGET_NAME = "See-It-Pronto";
				USES_XCTRUNNER = YES;
			};
			name = Debug;
		};
		6897A1571C244B6000AB3A0A /* Release */ = {
			isa = XCBuildConfiguration;
			buildSettings = {
				INFOPLIST_FILE = "See-It-ProntoUITests/Info.plist";
				LD_RUNPATH_SEARCH_PATHS = "$(inherited) @executable_path/Frameworks @loader_path/Frameworks";
				PRODUCT_BUNDLE_IDENTIFIER = "NyxentCorp.See-It-ProntoUITests";
				PRODUCT_NAME = "$(TARGET_NAME)";
				TEST_TARGET_NAME = "See-It-Pronto";
				USES_XCTRUNNER = YES;
			};
			name = Release;
		};
/* End XCBuildConfiguration section */

/* Begin XCConfigurationList section */
		6897A11F1C244B5F00AB3A0A /* Build configuration list for PBXProject "See-It-Pronto" */ = {
			isa = XCConfigurationList;
			buildConfigurations = (
				6897A14D1C244B6000AB3A0A /* Debug */,
				6897A14E1C244B6000AB3A0A /* Release */,
			);
			defaultConfigurationIsVisible = 0;
			defaultConfigurationName = Release;
		};
		6897A14F1C244B6000AB3A0A /* Build configuration list for PBXNativeTarget "See-It-Pronto" */ = {
			isa = XCConfigurationList;
			buildConfigurations = (
				6897A1501C244B6000AB3A0A /* Debug */,
				6897A1511C244B6000AB3A0A /* Release */,
			);
			defaultConfigurationIsVisible = 0;
			defaultConfigurationName = Release;
		};
		6897A1521C244B6000AB3A0A /* Build configuration list for PBXNativeTarget "See-It-ProntoTests" */ = {
			isa = XCConfigurationList;
			buildConfigurations = (
				6897A1531C244B6000AB3A0A /* Debug */,
				6897A1541C244B6000AB3A0A /* Release */,
			);
			defaultConfigurationIsVisible = 0;
			defaultConfigurationName = Release;
		};
		6897A1551C244B6000AB3A0A /* Build configuration list for PBXNativeTarget "See-It-ProntoUITests" */ = {
			isa = XCConfigurationList;
			buildConfigurations = (
				6897A1561C244B6000AB3A0A /* Debug */,
				6897A1571C244B6000AB3A0A /* Release */,
			);
			defaultConfigurationIsVisible = 0;
			defaultConfigurationName = Release;
		};
/* End XCConfigurationList section */

/* Begin XCVersionGroup section */
		6897A12E1C244B5F00AB3A0A /* See_It_Pronto.xcdatamodeld */ = {
			isa = XCVersionGroup;
			children = (
				6897A12F1C244B5F00AB3A0A /* See_It_Pronto.xcdatamodel */,
			);
			currentVersion = 6897A12F1C244B5F00AB3A0A /* See_It_Pronto.xcdatamodel */;
			path = See_It_Pronto.xcdatamodeld;
			sourceTree = "<group>";
			versionGroupType = wrapper.xcdatamodel;
		};
/* End XCVersionGroup section */
	};
	rootObject = 6897A11C1C244B5F00AB3A0A /* Project object */;
}
